// !$*UTF8*$!
{
	archiveVersion = 1;
	classes = {
	};
	objectVersion = 56;
	objects = {

/* Begin PBXBuildFile section */
		BA6C0A0B2B7E438C00B8E4FF /* EveryweatherApp.swift in Sources */ = {isa = PBXBuildFile; fileRef = BA6C0A0A2B7E438C00B8E4FF /* EveryweatherApp.swift */; };
		BA6C0A0F2B7E438D00B8E4FF /* Assets.xcassets in Resources */ = {isa = PBXBuildFile; fileRef = BA6C0A0E2B7E438D00B8E4FF /* Assets.xcassets */; };
		BA6C0A122B7E438D00B8E4FF /* Preview Assets.xcassets in Resources */ = {isa = PBXBuildFile; fileRef = BA6C0A112B7E438D00B8E4FF /* Preview Assets.xcassets */; };
		BA6C0A1E2B7E442700B8E4FF /* WeatherMainScreen.swift in Sources */ = {isa = PBXBuildFile; fileRef = BA6C0A1D2B7E442600B8E4FF /* WeatherMainScreen.swift */; };
		BA6C0A212B7E44F800B8E4FF /* Config.swift in Sources */ = {isa = PBXBuildFile; fileRef = BA6C0A202B7E44F800B8E4FF /* Config.swift */; };
		BA6C0A242B7E4F3900B8E4FF /* ApiClient.swift in Sources */ = {isa = PBXBuildFile; fileRef = BA6C0A232B7E4F3900B8E4FF /* ApiClient.swift */; };
		BA6C0A272B7E5C9100B8E4FF /* WeatherApiResponseDto.swift in Sources */ = {isa = PBXBuildFile; fileRef = BA6C0A262B7E5C9100B8E4FF /* WeatherApiResponseDto.swift */; };
		BA6C0A292B7E5D5C00B8E4FF /* WeatherLocationDto.swift in Sources */ = {isa = PBXBuildFile; fileRef = BA6C0A282B7E5D5C00B8E4FF /* WeatherLocationDto.swift */; };
		BA6C0A2B2B7E5E4300B8E4FF /* WeatherForecastDayDto.swift in Sources */ = {isa = PBXBuildFile; fileRef = BA6C0A2A2B7E5E4300B8E4FF /* WeatherForecastDayDto.swift */; };
		BA6C0A2E2B7E604200B8E4FF /* ApiError.swift in Sources */ = {isa = PBXBuildFile; fileRef = BA6C0A2D2B7E604200B8E4FF /* ApiError.swift */; };
		BA6C0A302B7F49D900B8E4FF /* ApiKeys.swift in Sources */ = {isa = PBXBuildFile; fileRef = BA6C0A2F2B7F49D900B8E4FF /* ApiKeys.swift */; };
		BA857FAF2B7F9E380030C8E2 /* NetworkConst.swift in Sources */ = {isa = PBXBuildFile; fileRef = BA857FAE2B7F9E380030C8E2 /* NetworkConst.swift */; };
		BAA80F742B7F511600377A0B /* WeatherRemoteSource.swift in Sources */ = {isa = PBXBuildFile; fileRef = BAA80F732B7F511600377A0B /* WeatherRemoteSource.swift */; };
		BAA80F762B7F532900377A0B /* StatusCodes.swift in Sources */ = {isa = PBXBuildFile; fileRef = BAA80F752B7F532900377A0B /* StatusCodes.swift */; };
		BAA80F782B7F590D00377A0B /* ScopingFuncExt.swift in Sources */ = {isa = PBXBuildFile; fileRef = BAA80F772B7F590D00377A0B /* ScopingFuncExt.swift */; };
		BAA80F7A2B7F791700377A0B /* CurrentWeatherDataDto.swift in Sources */ = {isa = PBXBuildFile; fileRef = BAA80F792B7F791700377A0B /* CurrentWeatherDataDto.swift */; };
		BAA80F7C2B7F79FE00377A0B /* ConditionDto.swift in Sources */ = {isa = PBXBuildFile; fileRef = BAA80F7B2B7F79FE00377A0B /* ConditionDto.swift */; };
		BAA80F7E2B7F7A7000377A0B /* ForecastListDto.swift in Sources */ = {isa = PBXBuildFile; fileRef = BAA80F7D2B7F7A7000377A0B /* ForecastListDto.swift */; };
		BAA80F802B7F7AA800377A0B /* ForecastDayDto.swift in Sources */ = {isa = PBXBuildFile; fileRef = BAA80F7F2B7F7AA800377A0B /* ForecastDayDto.swift */; };
		BAA80F822B7F7B2200377A0B /* DayDto.swift in Sources */ = {isa = PBXBuildFile; fileRef = BAA80F812B7F7B2200377A0B /* DayDto.swift */; };
		BAA80F842B7F7B3E00377A0B /* AstroDto.swift in Sources */ = {isa = PBXBuildFile; fileRef = BAA80F832B7F7B3E00377A0B /* AstroDto.swift */; };
		BAA80F862B7F7B6B00377A0B /* HourDto.swift in Sources */ = {isa = PBXBuildFile; fileRef = BAA80F852B7F7B6B00377A0B /* HourDto.swift */; };
/* End PBXBuildFile section */

/* Begin PBXFileReference section */
		BA6C0A072B7E438C00B8E4FF /* Everyweather.app */ = {isa = PBXFileReference; explicitFileType = wrapper.application; includeInIndex = 0; path = Everyweather.app; sourceTree = BUILT_PRODUCTS_DIR; };
		BA6C0A0A2B7E438C00B8E4FF /* EveryweatherApp.swift */ = {isa = PBXFileReference; lastKnownFileType = sourcecode.swift; path = EveryweatherApp.swift; sourceTree = "<group>"; };
		BA6C0A0E2B7E438D00B8E4FF /* Assets.xcassets */ = {isa = PBXFileReference; lastKnownFileType = folder.assetcatalog; path = Assets.xcassets; sourceTree = "<group>"; };
		BA6C0A112B7E438D00B8E4FF /* Preview Assets.xcassets */ = {isa = PBXFileReference; lastKnownFileType = folder.assetcatalog; path = "Preview Assets.xcassets"; sourceTree = "<group>"; };
		BA6C0A1D2B7E442600B8E4FF /* WeatherMainScreen.swift */ = {isa = PBXFileReference; lastKnownFileType = sourcecode.swift; path = WeatherMainScreen.swift; sourceTree = "<group>"; };
		BA6C0A202B7E44F800B8E4FF /* Config.swift */ = {isa = PBXFileReference; lastKnownFileType = sourcecode.swift; path = Config.swift; sourceTree = "<group>"; };
		BA6C0A232B7E4F3900B8E4FF /* ApiClient.swift */ = {isa = PBXFileReference; lastKnownFileType = sourcecode.swift; path = ApiClient.swift; sourceTree = "<group>"; };
		BA6C0A262B7E5C9100B8E4FF /* WeatherApiResponseDto.swift */ = {isa = PBXFileReference; lastKnownFileType = sourcecode.swift; path = WeatherApiResponseDto.swift; sourceTree = "<group>"; };
		BA6C0A282B7E5D5C00B8E4FF /* WeatherLocationDto.swift */ = {isa = PBXFileReference; lastKnownFileType = sourcecode.swift; path = WeatherLocationDto.swift; sourceTree = "<group>"; };
		BA6C0A2A2B7E5E4300B8E4FF /* WeatherForecastDayDto.swift */ = {isa = PBXFileReference; lastKnownFileType = sourcecode.swift; path = WeatherForecastDayDto.swift; sourceTree = "<group>"; };
		BA6C0A2D2B7E604200B8E4FF /* ApiError.swift */ = {isa = PBXFileReference; lastKnownFileType = sourcecode.swift; path = ApiError.swift; sourceTree = "<group>"; };
		BA6C0A2F2B7F49D900B8E4FF /* ApiKeys.swift */ = {isa = PBXFileReference; lastKnownFileType = sourcecode.swift; path = ApiKeys.swift; sourceTree = "<group>"; };
		BA857FAE2B7F9E380030C8E2 /* NetworkConst.swift */ = {isa = PBXFileReference; lastKnownFileType = sourcecode.swift; path = NetworkConst.swift; sourceTree = "<group>"; };
		BAA80F732B7F511600377A0B /* WeatherRemoteSource.swift */ = {isa = PBXFileReference; lastKnownFileType = sourcecode.swift; path = WeatherRemoteSource.swift; sourceTree = "<group>"; };
		BAA80F752B7F532900377A0B /* StatusCodes.swift */ = {isa = PBXFileReference; lastKnownFileType = sourcecode.swift; path = StatusCodes.swift; sourceTree = "<group>"; };
		BAA80F772B7F590D00377A0B /* ScopingFuncExt.swift */ = {isa = PBXFileReference; lastKnownFileType = sourcecode.swift; path = ScopingFuncExt.swift; sourceTree = "<group>"; };
		BAA80F792B7F791700377A0B /* CurrentWeatherDataDto.swift */ = {isa = PBXFileReference; lastKnownFileType = sourcecode.swift; path = CurrentWeatherDataDto.swift; sourceTree = "<group>"; };
		BAA80F7B2B7F79FE00377A0B /* ConditionDto.swift */ = {isa = PBXFileReference; lastKnownFileType = sourcecode.swift; path = ConditionDto.swift; sourceTree = "<group>"; };
		BAA80F7D2B7F7A7000377A0B /* ForecastListDto.swift */ = {isa = PBXFileReference; lastKnownFileType = sourcecode.swift; path = ForecastListDto.swift; sourceTree = "<group>"; };
		BAA80F7F2B7F7AA800377A0B /* ForecastDayDto.swift */ = {isa = PBXFileReference; lastKnownFileType = sourcecode.swift; path = ForecastDayDto.swift; sourceTree = "<group>"; };
		BAA80F812B7F7B2200377A0B /* DayDto.swift */ = {isa = PBXFileReference; lastKnownFileType = sourcecode.swift; path = DayDto.swift; sourceTree = "<group>"; };
		BAA80F832B7F7B3E00377A0B /* AstroDto.swift */ = {isa = PBXFileReference; lastKnownFileType = sourcecode.swift; path = AstroDto.swift; sourceTree = "<group>"; };
		BAA80F852B7F7B6B00377A0B /* HourDto.swift */ = {isa = PBXFileReference; lastKnownFileType = sourcecode.swift; path = HourDto.swift; sourceTree = "<group>"; };
/* End PBXFileReference section */

/* Begin PBXFrameworksBuildPhase section */
		BA6C0A042B7E438C00B8E4FF /* Frameworks */ = {
			isa = PBXFrameworksBuildPhase;
			buildActionMask = 2147483647;
			files = (
			);
			runOnlyForDeploymentPostprocessing = 0;
		};
/* End PBXFrameworksBuildPhase section */

/* Begin PBXGroup section */
		BA6C09FE2B7E438C00B8E4FF = {
			isa = PBXGroup;
			children = (
				BA6C0A092B7E438C00B8E4FF /* Everyweather */,
				BA6C0A082B7E438C00B8E4FF /* Products */,
			);
			sourceTree = "<group>";
		};
		BA6C0A082B7E438C00B8E4FF /* Products */ = {
			isa = PBXGroup;
			children = (
				BA6C0A072B7E438C00B8E4FF /* Everyweather.app */,
			);
			name = Products;
			sourceTree = "<group>";
		};
		BA6C0A092B7E438C00B8E4FF /* Everyweather */ = {
			isa = PBXGroup;
			children = (
				BA6C0A1F2B7E44E700B8E4FF /* Util */,
				BA6C0A1B2B7E43E600B8E4FF /* Resources */,
				BA6C0A1A2B7E43D700B8E4FF /* Data */,
				BA6C0A192B7E43CC00B8E4FF /* Core */,
				BA6C0A182B7E43C000B8E4FF /* Presentation */,
				BA6C0A0A2B7E438C00B8E4FF /* EveryweatherApp.swift */,
				BA6C0A102B7E438D00B8E4FF /* Preview Content */,
				BA6C0A2F2B7F49D900B8E4FF /* ApiKeys.swift */,
			);
			path = Everyweather;
			sourceTree = "<group>";
		};
		BA6C0A102B7E438D00B8E4FF /* Preview Content */ = {
			isa = PBXGroup;
			children = (
				BA6C0A112B7E438D00B8E4FF /* Preview Assets.xcassets */,
			);
			path = "Preview Content";
			sourceTree = "<group>";
		};
		BA6C0A182B7E43C000B8E4FF /* Presentation */ = {
			isa = PBXGroup;
			children = (
				BA6C0A1C2B7E440400B8E4FF /* WeatherMain */,
			);
			path = Presentation;
			sourceTree = "<group>";
		};
		BA6C0A192B7E43CC00B8E4FF /* Core */ = {
			isa = PBXGroup;
			children = (
			);
			path = Core;
			sourceTree = "<group>";
		};
		BA6C0A1A2B7E43D700B8E4FF /* Data */ = {
			isa = PBXGroup;
			children = (
				BA6C0A222B7E4CBD00B8E4FF /* Network */,
			);
			path = Data;
			sourceTree = "<group>";
		};
		BA6C0A1B2B7E43E600B8E4FF /* Resources */ = {
			isa = PBXGroup;
			children = (
				BA6C0A0E2B7E438D00B8E4FF /* Assets.xcassets */,
			);
			path = Resources;
			sourceTree = "<group>";
		};
		BA6C0A1C2B7E440400B8E4FF /* WeatherMain */ = {
			isa = PBXGroup;
			children = (
				BA6C0A1D2B7E442600B8E4FF /* WeatherMainScreen.swift */,
			);
			path = WeatherMain;
			sourceTree = "<group>";
		};
		BA6C0A1F2B7E44E700B8E4FF /* Util */ = {
			isa = PBXGroup;
			children = (
				BA6C0A202B7E44F800B8E4FF /* Config.swift */,
				BAA80F772B7F590D00377A0B /* ScopingFuncExt.swift */,
			);
			path = Util;
			sourceTree = "<group>";
		};
		BA6C0A222B7E4CBD00B8E4FF /* Network */ = {
			isa = PBXGroup;
			children = (
				BAA80F722B7F50C000377A0B /* Weather */,
				BA6C0A2C2B7E602F00B8E4FF /* Error */,
				BA6C0A232B7E4F3900B8E4FF /* ApiClient.swift */,
				BAA80F752B7F532900377A0B /* StatusCodes.swift */,
				BA857FAE2B7F9E380030C8E2 /* NetworkConst.swift */,
			);
			path = Network;
			sourceTree = "<group>";
		};
		BA6C0A252B7E5C6A00B8E4FF /* Dto */ = {
			isa = PBXGroup;
			children = (
				BA6C0A262B7E5C9100B8E4FF /* WeatherApiResponseDto.swift */,
				BA6C0A282B7E5D5C00B8E4FF /* WeatherLocationDto.swift */,
				BA6C0A2A2B7E5E4300B8E4FF /* WeatherForecastDayDto.swift */,
				BAA80F792B7F791700377A0B /* CurrentWeatherDataDto.swift */,
				BAA80F7B2B7F79FE00377A0B /* ConditionDto.swift */,
				BAA80F7D2B7F7A7000377A0B /* ForecastListDto.swift */,
				BAA80F7F2B7F7AA800377A0B /* ForecastDayDto.swift */,
				BAA80F812B7F7B2200377A0B /* DayDto.swift */,
				BAA80F832B7F7B3E00377A0B /* AstroDto.swift */,
				BAA80F852B7F7B6B00377A0B /* HourDto.swift */,
			);
			path = Dto;
			sourceTree = "<group>";
		};
		BA6C0A2C2B7E602F00B8E4FF /* Error */ = {
			isa = PBXGroup;
			children = (
				BA6C0A2D2B7E604200B8E4FF /* ApiError.swift */,
			);
			path = Error;
			sourceTree = "<group>";
		};
		BAA80F722B7F50C000377A0B /* Weather */ = {
			isa = PBXGroup;
			children = (
				BA6C0A252B7E5C6A00B8E4FF /* Dto */,
				BAA80F732B7F511600377A0B /* WeatherRemoteSource.swift */,
			);
			path = Weather;
			sourceTree = "<group>";
		};
/* End PBXGroup section */

/* Begin PBXNativeTarget section */
		BA6C0A062B7E438C00B8E4FF /* Everyweather */ = {
			isa = PBXNativeTarget;
			buildConfigurationList = BA6C0A152B7E438D00B8E4FF /* Build configuration list for PBXNativeTarget "Everyweather" */;
			buildPhases = (
				BA6C0A032B7E438C00B8E4FF /* Sources */,
				BA6C0A042B7E438C00B8E4FF /* Frameworks */,
				BA6C0A052B7E438C00B8E4FF /* Resources */,
			);
			buildRules = (
			);
			dependencies = (
			);
			name = Everyweather;
			productName = Everyweather;
			productReference = BA6C0A072B7E438C00B8E4FF /* Everyweather.app */;
			productType = "com.apple.product-type.application";
		};
/* End PBXNativeTarget section */

/* Begin PBXProject section */
		BA6C09FF2B7E438C00B8E4FF /* Project object */ = {
			isa = PBXProject;
			attributes = {
				BuildIndependentTargetsInParallel = 1;
				LastSwiftUpdateCheck = 1520;
				LastUpgradeCheck = 1520;
				TargetAttributes = {
					BA6C0A062B7E438C00B8E4FF = {
						CreatedOnToolsVersion = 15.2;
					};
				};
			};
			buildConfigurationList = BA6C0A022B7E438C00B8E4FF /* Build configuration list for PBXProject "Everyweather" */;
			compatibilityVersion = "Xcode 14.0";
			developmentRegion = en;
			hasScannedForEncodings = 0;
			knownRegions = (
				en,
				Base,
			);
			mainGroup = BA6C09FE2B7E438C00B8E4FF;
			productRefGroup = BA6C0A082B7E438C00B8E4FF /* Products */;
			projectDirPath = "";
			projectRoot = "";
			targets = (
				BA6C0A062B7E438C00B8E4FF /* Everyweather */,
			);
		};
/* End PBXProject section */

/* Begin PBXResourcesBuildPhase section */
		BA6C0A052B7E438C00B8E4FF /* Resources */ = {
			isa = PBXResourcesBuildPhase;
			buildActionMask = 2147483647;
			files = (
				BA6C0A122B7E438D00B8E4FF /* Preview Assets.xcassets in Resources */,
				BA6C0A0F2B7E438D00B8E4FF /* Assets.xcassets in Resources */,
			);
			runOnlyForDeploymentPostprocessing = 0;
		};
/* End PBXResourcesBuildPhase section */

/* Begin PBXSourcesBuildPhase section */
		BA6C0A032B7E438C00B8E4FF /* Sources */ = {
			isa = PBXSourcesBuildPhase;
			buildActionMask = 2147483647;
			files = (
				BA6C0A272B7E5C9100B8E4FF /* WeatherApiResponseDto.swift in Sources */,
				BA6C0A0B2B7E438C00B8E4FF /* EveryweatherApp.swift in Sources */,
				BA857FAF2B7F9E380030C8E2 /* NetworkConst.swift in Sources */,
				BA6C0A302B7F49D900B8E4FF /* ApiKeys.swift in Sources */,
				BAA80F822B7F7B2200377A0B /* DayDto.swift in Sources */,
				BAA80F7E2B7F7A7000377A0B /* ForecastListDto.swift in Sources */,
				BA6C0A242B7E4F3900B8E4FF /* ApiClient.swift in Sources */,
				BAA80F7A2B7F791700377A0B /* CurrentWeatherDataDto.swift in Sources */,
				BA6C0A292B7E5D5C00B8E4FF /* WeatherLocationDto.swift in Sources */,
				BA6C0A1E2B7E442700B8E4FF /* WeatherMainScreen.swift in Sources */,
				BAA80F742B7F511600377A0B /* WeatherRemoteSource.swift in Sources */,
				BA6C0A2E2B7E604200B8E4FF /* ApiError.swift in Sources */,
				BAA80F842B7F7B3E00377A0B /* AstroDto.swift in Sources */,
				BAA80F762B7F532900377A0B /* StatusCodes.swift in Sources */,
				BAA80F802B7F7AA800377A0B /* ForecastDayDto.swift in Sources */,
				BA6C0A2B2B7E5E4300B8E4FF /* WeatherForecastDayDto.swift in Sources */,
				BAA80F7C2B7F79FE00377A0B /* ConditionDto.swift in Sources */,
				BA6C0A212B7E44F800B8E4FF /* Config.swift in Sources */,
				BAA80F782B7F590D00377A0B /* ScopingFuncExt.swift in Sources */,
				BAA80F862B7F7B6B00377A0B /* HourDto.swift in Sources */,
			);
			runOnlyForDeploymentPostprocessing = 0;
		};
/* End PBXSourcesBuildPhase section */

/* Begin XCBuildConfiguration section */
		BA6C0A132B7E438D00B8E4FF /* Debug */ = {
			isa = XCBuildConfiguration;
			buildSettings = {
				ALWAYS_SEARCH_USER_PATHS = NO;
				ASSETCATALOG_COMPILER_GENERATE_SWIFT_ASSET_SYMBOL_EXTENSIONS = YES;
				CLANG_ANALYZER_NONNULL = YES;
				CLANG_ANALYZER_NUMBER_OBJECT_CONVERSION = YES_AGGRESSIVE;
				CLANG_CXX_LANGUAGE_STANDARD = "gnu++20";
				CLANG_ENABLE_MODULES = YES;
				CLANG_ENABLE_OBJC_ARC = YES;
				CLANG_ENABLE_OBJC_WEAK = YES;
				CLANG_WARN_BLOCK_CAPTURE_AUTORELEASING = YES;
				CLANG_WARN_BOOL_CONVERSION = YES;
				CLANG_WARN_COMMA = YES;
				CLANG_WARN_CONSTANT_CONVERSION = YES;
				CLANG_WARN_DEPRECATED_OBJC_IMPLEMENTATIONS = YES;
				CLANG_WARN_DIRECT_OBJC_ISA_USAGE = YES_ERROR;
				CLANG_WARN_DOCUMENTATION_COMMENTS = YES;
				CLANG_WARN_EMPTY_BODY = YES;
				CLANG_WARN_ENUM_CONVERSION = YES;
				CLANG_WARN_INFINITE_RECURSION = YES;
				CLANG_WARN_INT_CONVERSION = YES;
				CLANG_WARN_NON_LITERAL_NULL_CONVERSION = YES;
				CLANG_WARN_OBJC_IMPLICIT_RETAIN_SELF = YES;
				CLANG_WARN_OBJC_LITERAL_CONVERSION = YES;
				CLANG_WARN_OBJC_ROOT_CLASS = YES_ERROR;
				CLANG_WARN_QUOTED_INCLUDE_IN_FRAMEWORK_HEADER = YES;
				CLANG_WARN_RANGE_LOOP_ANALYSIS = YES;
				CLANG_WARN_STRICT_PROTOTYPES = YES;
				CLANG_WARN_SUSPICIOUS_MOVE = YES;
				CLANG_WARN_UNGUARDED_AVAILABILITY = YES_AGGRESSIVE;
				CLANG_WARN_UNREACHABLE_CODE = YES;
				CLANG_WARN__DUPLICATE_METHOD_MATCH = YES;
				COPY_PHASE_STRIP = NO;
				DEBUG_INFORMATION_FORMAT = dwarf;
				ENABLE_STRICT_OBJC_MSGSEND = YES;
				ENABLE_TESTABILITY = YES;
				ENABLE_USER_SCRIPT_SANDBOXING = YES;
				GCC_C_LANGUAGE_STANDARD = gnu17;
				GCC_DYNAMIC_NO_PIC = NO;
				GCC_NO_COMMON_BLOCKS = YES;
				GCC_OPTIMIZATION_LEVEL = 0;
				GCC_PREPROCESSOR_DEFINITIONS = (
					"DEBUG=1",
					"$(inherited)",
				);
				GCC_WARN_64_TO_32_BIT_CONVERSION = YES;
				GCC_WARN_ABOUT_RETURN_TYPE = YES_ERROR;
				GCC_WARN_UNDECLARED_SELECTOR = YES;
				GCC_WARN_UNINITIALIZED_AUTOS = YES_AGGRESSIVE;
				GCC_WARN_UNUSED_FUNCTION = YES;
				GCC_WARN_UNUSED_VARIABLE = YES;
				IPHONEOS_DEPLOYMENT_TARGET = 17.2;
				LOCALIZATION_PREFERS_STRING_CATALOGS = YES;
				MTL_ENABLE_DEBUG_INFO = INCLUDE_SOURCE;
				MTL_FAST_MATH = YES;
				ONLY_ACTIVE_ARCH = YES;
				SDKROOT = iphoneos;
				SWIFT_ACTIVE_COMPILATION_CONDITIONS = "DEBUG $(inherited)";
				SWIFT_OPTIMIZATION_LEVEL = "-Onone";
			};
			name = Debug;
		};
		BA6C0A142B7E438D00B8E4FF /* Release */ = {
			isa = XCBuildConfiguration;
			buildSettings = {
				ALWAYS_SEARCH_USER_PATHS = NO;
				ASSETCATALOG_COMPILER_GENERATE_SWIFT_ASSET_SYMBOL_EXTENSIONS = YES;
				CLANG_ANALYZER_NONNULL = YES;
				CLANG_ANALYZER_NUMBER_OBJECT_CONVERSION = YES_AGGRESSIVE;
				CLANG_CXX_LANGUAGE_STANDARD = "gnu++20";
				CLANG_ENABLE_MODULES = YES;
				CLANG_ENABLE_OBJC_ARC = YES;
				CLANG_ENABLE_OBJC_WEAK = YES;
				CLANG_WARN_BLOCK_CAPTURE_AUTORELEASING = YES;
				CLANG_WARN_BOOL_CONVERSION = YES;
				CLANG_WARN_COMMA = YES;
				CLANG_WARN_CONSTANT_CONVERSION = YES;
				CLANG_WARN_DEPRECATED_OBJC_IMPLEMENTATIONS = YES;
				CLANG_WARN_DIRECT_OBJC_ISA_USAGE = YES_ERROR;
				CLANG_WARN_DOCUMENTATION_COMMENTS = YES;
				CLANG_WARN_EMPTY_BODY = YES;
				CLANG_WARN_ENUM_CONVERSION = YES;
				CLANG_WARN_INFINITE_RECURSION = YES;
				CLANG_WARN_INT_CONVERSION = YES;
				CLANG_WARN_NON_LITERAL_NULL_CONVERSION = YES;
				CLANG_WARN_OBJC_IMPLICIT_RETAIN_SELF = YES;
				CLANG_WARN_OBJC_LITERAL_CONVERSION = YES;
				CLANG_WARN_OBJC_ROOT_CLASS = YES_ERROR;
				CLANG_WARN_QUOTED_INCLUDE_IN_FRAMEWORK_HEADER = YES;
				CLANG_WARN_RANGE_LOOP_ANALYSIS = YES;
				CLANG_WARN_STRICT_PROTOTYPES = YES;
				CLANG_WARN_SUSPICIOUS_MOVE = YES;
				CLANG_WARN_UNGUARDED_AVAILABILITY = YES_AGGRESSIVE;
				CLANG_WARN_UNREACHABLE_CODE = YES;
				CLANG_WARN__DUPLICATE_METHOD_MATCH = YES;
				COPY_PHASE_STRIP = NO;
				DEBUG_INFORMATION_FORMAT = "dwarf-with-dsym";
				ENABLE_NS_ASSERTIONS = NO;
				ENABLE_STRICT_OBJC_MSGSEND = YES;
				ENABLE_USER_SCRIPT_SANDBOXING = YES;
				GCC_C_LANGUAGE_STANDARD = gnu17;
				GCC_NO_COMMON_BLOCKS = YES;
				GCC_WARN_64_TO_32_BIT_CONVERSION = YES;
				GCC_WARN_ABOUT_RETURN_TYPE = YES_ERROR;
				GCC_WARN_UNDECLARED_SELECTOR = YES;
				GCC_WARN_UNINITIALIZED_AUTOS = YES_AGGRESSIVE;
				GCC_WARN_UNUSED_FUNCTION = YES;
				GCC_WARN_UNUSED_VARIABLE = YES;
				IPHONEOS_DEPLOYMENT_TARGET = 17.2;
				LOCALIZATION_PREFERS_STRING_CATALOGS = YES;
				MTL_ENABLE_DEBUG_INFO = NO;
				MTL_FAST_MATH = YES;
				SDKROOT = iphoneos;
				SWIFT_COMPILATION_MODE = wholemodule;
				VALIDATE_PRODUCT = YES;
			};
			name = Release;
		};
		BA6C0A162B7E438D00B8E4FF /* Debug */ = {
			isa = XCBuildConfiguration;
			buildSettings = {
				ASSETCATALOG_COMPILER_APPICON_NAME = AppIcon;
				ASSETCATALOG_COMPILER_GLOBAL_ACCENT_COLOR_NAME = AccentColor;
				CODE_SIGN_STYLE = Automatic;
				CURRENT_PROJECT_VERSION = 1;
				DEVELOPMENT_ASSET_PATHS = "\"Everyweather/Preview Content\"";
				ENABLE_PREVIEWS = YES;
				GENERATE_INFOPLIST_FILE = YES;
				INFOPLIST_KEY_UIApplicationSceneManifest_Generation = YES;
				INFOPLIST_KEY_UIApplicationSupportsIndirectInputEvents = YES;
				INFOPLIST_KEY_UILaunchScreen_Generation = YES;
				INFOPLIST_KEY_UISupportedInterfaceOrientations_iPad = "UIInterfaceOrientationPortrait UIInterfaceOrientationPortraitUpsideDown UIInterfaceOrientationLandscapeLeft UIInterfaceOrientationLandscapeRight";
				INFOPLIST_KEY_UISupportedInterfaceOrientations_iPhone = "UIInterfaceOrientationPortrait UIInterfaceOrientationLandscapeLeft UIInterfaceOrientationLandscapeRight";
				LD_RUNPATH_SEARCH_PATHS = (
					"$(inherited)",
					"@executable_path/Frameworks",
				);
				MARKETING_VERSION = 1.0;
				PRODUCT_BUNDLE_IDENTIFIER = com.desuzed.Everyweather;
				PRODUCT_NAME = "$(TARGET_NAME)";
				SWIFT_EMIT_LOC_STRINGS = YES;
				SWIFT_VERSION = 5.0;
				TARGETED_DEVICE_FAMILY = "1,2";
			};
			name = Debug;
		};
		BA6C0A172B7E438D00B8E4FF /* Release */ = {
			isa = XCBuildConfiguration;
			buildSettings = {
				ASSETCATALOG_COMPILER_APPICON_NAME = AppIcon;
				ASSETCATALOG_COMPILER_GLOBAL_ACCENT_COLOR_NAME = AccentColor;
				CODE_SIGN_STYLE = Automatic;
				CURRENT_PROJECT_VERSION = 1;
				DEVELOPMENT_ASSET_PATHS = "\"Everyweather/Preview Content\"";
				ENABLE_PREVIEWS = YES;
				GENERATE_INFOPLIST_FILE = YES;
				INFOPLIST_KEY_UIApplicationSceneManifest_Generation = YES;
				INFOPLIST_KEY_UIApplicationSupportsIndirectInputEvents = YES;
				INFOPLIST_KEY_UILaunchScreen_Generation = YES;
				INFOPLIST_KEY_UISupportedInterfaceOrientations_iPad = "UIInterfaceOrientationPortrait UIInterfaceOrientationPortraitUpsideDown UIInterfaceOrientationLandscapeLeft UIInterfaceOrientationLandscapeRight";
				INFOPLIST_KEY_UISupportedInterfaceOrientations_iPhone = "UIInterfaceOrientationPortrait UIInterfaceOrientationLandscapeLeft UIInterfaceOrientationLandscapeRight";
				LD_RUNPATH_SEARCH_PATHS = (
					"$(inherited)",
					"@executable_path/Frameworks",
				);
				MARKETING_VERSION = 1.0;
				PRODUCT_BUNDLE_IDENTIFIER = com.desuzed.Everyweather;
				PRODUCT_NAME = "$(TARGET_NAME)";
				SWIFT_EMIT_LOC_STRINGS = YES;
				SWIFT_VERSION = 5.0;
				TARGETED_DEVICE_FAMILY = "1,2";
			};
			name = Release;
		};
/* End XCBuildConfiguration section */

/* Begin XCConfigurationList section */
		BA6C0A022B7E438C00B8E4FF /* Build configuration list for PBXProject "Everyweather" */ = {
			isa = XCConfigurationList;
			buildConfigurations = (
				BA6C0A132B7E438D00B8E4FF /* Debug */,
				BA6C0A142B7E438D00B8E4FF /* Release */,
			);
			defaultConfigurationIsVisible = 0;
			defaultConfigurationName = Release;
		};
		BA6C0A152B7E438D00B8E4FF /* Build configuration list for PBXNativeTarget "Everyweather" */ = {
			isa = XCConfigurationList;
			buildConfigurations = (
				BA6C0A162B7E438D00B8E4FF /* Debug */,
				BA6C0A172B7E438D00B8E4FF /* Release */,
			);
			defaultConfigurationIsVisible = 0;
			defaultConfigurationName = Release;
		};
/* End XCConfigurationList section */
	};
	rootObject = BA6C09FF2B7E438C00B8E4FF /* Project object */;
}
